
Microsoft Visual Studio Solution File, Format Version 12.00
# Visual Studio Version 17
VisualStudioVersion = 17.0.32802.463
MinimumVisualStudioVersion = 10.0.40219.1
Project("{2150E333-8FDC-42A3-9474-1A3956D46DE8}") = "src", "src", "{8D991641-009E-40B7-B4C7-41B61CC8FF2B}"
EndProject
Project("{FAE04EC0-301F-11D3-BF4B-00C04F79EFBC}") = "Neigbo.API", "src\Neigbo.API\Neigbo.API.csproj", "{405A6759-8DA4-43C0-BE83-2D12D6F144AA}"
EndProject
Project("{FAE04EC0-301F-11D3-BF4B-00C04F79EFBC}") = "Neigbo.Test", "src\Neigbo.Test\Neigbo.Test.csproj", "{84588410-DDF6-42C9-99F9-531DA7E224B6}"
EndProject
Global
	GlobalSection(SolutionConfigurationPlatforms) = preSolution
		Debug|Any CPU = Debug|Any CPU
		Release|Any CPU = Release|Any CPU
	EndGlobalSection
	GlobalSection(ProjectConfigurationPlatforms) = postSolution
		{405A6759-8DA4-43C0-BE83-2D12D6F144AA}.Debug|Any CPU.ActiveCfg = Debug|Any CPU
		{405A6759-8DA4-43C0-BE83-2D12D6F144AA}.Debug|Any CPU.Build.0 = Debug|Any CPU
		{405A6759-8DA4-43C0-BE83-2D12D6F144AA}.Release|Any CPU.ActiveCfg = Release|Any CPU
		{405A6759-8DA4-43C0-BE83-2D12D6F144AA}.Release|Any CPU.Build.0 = Release|Any CPU
		{84588410-DDF6-42C9-99F9-531DA7E224B6}.Debug|Any CPU.ActiveCfg = Debug|Any CPU
		{84588410-DDF6-42C9-99F9-531DA7E224B6}.Debug|Any CPU.Build.0 = Debug|Any CPU
		{84588410-DDF6-42C9-99F9-531DA7E224B6}.Release|Any CPU.ActiveCfg = Release|Any CPU
		{84588410-DDF6-42C9-99F9-531DA7E224B6}.Release|Any CPU.Build.0 = Release|Any CPU
	EndGlobalSection
	GlobalSection(SolutionProperties) = preSolution
		HideSolutionNode = FALSE
	EndGlobalSection
	GlobalSection(NestedProjects) = preSolution
		{405A6759-8DA4-43C0-BE83-2D12D6F144AA} = {8D991641-009E-40B7-B4C7-41B61CC8FF2B}
		{84588410-DDF6-42C9-99F9-531DA7E224B6} = {8D991641-009E-40B7-B4C7-41B61CC8FF2B}
	EndGlobalSection
	GlobalSection(ExtensibilityGlobals) = postSolution
		SolutionGuid = {ECEAED04-9FCE-4FCD-9EAB-36250CBE6E86}
	EndGlobalSection
EndGlobal
